<?xml version="1.0" encoding="utf-8"?>
<Project ToolsVersion="4.0" xmlns="http://schemas.microsoft.com/developer/msbuild/2003">
  <ItemGroup>
    <Filter Include="ソース ファイル">
      <UniqueIdentifier>{4FC737F1-C7A5-4376-A066-2A32D752A2FF}</UniqueIdentifier>
      <Extensions>cpp;c;cc;cxx;def;odl;idl;hpj;bat;asm;asmx</Extensions>
    </Filter>
    <Filter Include="ヘッダー ファイル">
      <UniqueIdentifier>{93995380-89BD-4b04-88EB-625FBE52EBFB}</UniqueIdentifier>
      <Extensions>h;hh;hpp;hxx;hm;inl;inc;ipp;xsd</Extensions>
    </Filter>
    <Filter Include="リソース ファイル">
      <UniqueIdentifier>{67DA6AB6-F800-4c08-8B7A-83BB121AAD01}</UniqueIdentifier>
      <Extensions>rc;ico;cur;bmp;dlg;rc2;rct;bin;rgs;gif;jpg;jpeg;jpe;resx;tiff;tif;png;wav;mfcribbon-ms</Extensions>
    </Filter>
    <Filter Include="MainSystem">
      <UniqueIdentifier>{db67da5c-a3d6-42e7-85c2-6b834d15d00c}</UniqueIdentifier>
    </Filter>
    <Filter Include="Light">
      <UniqueIdentifier>{16dd9396-fd93-4f78-a150-17fc59810042}</UniqueIdentifier>
    </Filter>
    <Filter Include="Texture">
      <UniqueIdentifier>{70ce20b9-6b0b-423e-bcfe-83d36920e68b}</UniqueIdentifier>
    </Filter>
    <Filter Include="control">
      <UniqueIdentifier>{8909b097-2751-40d1-9ca1-5a566be31c9e}</UniqueIdentifier>
    </Filter>
    <Filter Include="support">
      <UniqueIdentifier>{d42c3cde-c3ea-4435-8be6-ded1d313cd2a}</UniqueIdentifier>
    </Filter>
    <Filter Include="MainSystem\Direct3D">
      <UniqueIdentifier>{69ab7b8a-b055-48b1-b6f5-974ec37d91cf}</UniqueIdentifier>
    </Filter>
    <Filter Include="MainSystem\2D">
      <UniqueIdentifier>{16fb15f2-c53e-44d8-b5cc-161e934915a3}</UniqueIdentifier>
    </Filter>
    <Filter Include="Namespace">
      <UniqueIdentifier>{1739837b-8a35-4866-85a3-4e1b8cab3f77}</UniqueIdentifier>
    </Filter>
    <Filter Include="UI">
      <UniqueIdentifier>{6fd6c1e0-0e83-438e-8c8d-73be4ef3ca9e}</UniqueIdentifier>
    </Filter>
    <Filter Include="ParticleSystem">
      <UniqueIdentifier>{2957ac51-fe1a-44eb-8ba4-112e6639966c}</UniqueIdentifier>
    </Filter>
    <Filter Include="ShaderManager">
      <UniqueIdentifier>{6c33b3cb-d1a6-46aa-960c-8a8193b1fc54}</UniqueIdentifier>
    </Filter>
    <Filter Include="ShaderManager\Shader">
      <UniqueIdentifier>{905a3028-c829-4ca5-8cf3-591eac907a2b}</UniqueIdentifier>
    </Filter>
    <Filter Include="ShaderManager\Shader\bumpmap">
      <UniqueIdentifier>{7461442a-12da-456d-ad76-06330930e4a9}</UniqueIdentifier>
    </Filter>
    <Filter Include="ShaderManager\Shader\deferred">
      <UniqueIdentifier>{14baf429-0741-439e-8863-d91e78900548}</UniqueIdentifier>
    </Filter>
    <Filter Include="ShaderManager\Shader\depth">
      <UniqueIdentifier>{b3ce3ff7-8304-4db7-96b0-88ad47ca11f6}</UniqueIdentifier>
    </Filter>
    <Filter Include="ShaderManager\Shader\light">
      <UniqueIdentifier>{705da269-277b-40c9-864b-d76d709516cd}</UniqueIdentifier>
    </Filter>
    <Filter Include="ShaderManager\Shader\shadow">
      <UniqueIdentifier>{b5d7723a-37b4-4065-8255-170ea5370c26}</UniqueIdentifier>
    </Filter>
    <Filter Include="ShaderManager\Shader\texture">
      <UniqueIdentifier>{cba017b6-e3b4-41be-8dfd-ba5d054262ba}</UniqueIdentifier>
    </Filter>
    <Filter Include="ShaderManager\Shader\Multi">
      <UniqueIdentifier>{e4a434c4-9579-4560-8721-3ab8e2e932bd}</UniqueIdentifier>
    </Filter>
    <Filter Include="ShaderManager\Shader\Particle">
      <UniqueIdentifier>{e0984b7c-7540-489a-9ccd-4248a68d9ce4}</UniqueIdentifier>
    </Filter>
    <Filter Include="UI\Timer">
      <UniqueIdentifier>{5bb2d030-beb2-4bc5-94bb-cf329f3e9dcf}</UniqueIdentifier>
    </Filter>
    <Filter Include="Scene">
      <UniqueIdentifier>{94975e98-f674-4520-b0a4-c4c20fe5ec91}</UniqueIdentifier>
    </Filter>
    <Filter Include="Scene\Game">
      <UniqueIdentifier>{abc67d18-bb03-4a05-9da7-1874dfaccbf4}</UniqueIdentifier>
    </Filter>
    <Filter Include="ShaderManager\Shader\Mask">
      <UniqueIdentifier>{7e55873b-c889-4644-b447-e7b85a712120}</UniqueIdentifier>
    </Filter>
    <Filter Include="ShaderManager\Shader\Trans">
      <UniqueIdentifier>{d75dd138-4726-4d61-a422-a7423637f770}</UniqueIdentifier>
    </Filter>
    <Filter Include="3DModel">
      <UniqueIdentifier>{4e7a2e6c-d6f5-4316-aa4e-68186cc7a958}</UniqueIdentifier>
    </Filter>
    <Filter Include="3DModel\Model">
      <UniqueIdentifier>{2a243caf-8861-48a4-8885-6936e226ea68}</UniqueIdentifier>
    </Filter>
    <Filter Include="3DModel\Tree">
      <UniqueIdentifier>{33d20330-616a-47c8-84d8-c6b3704db175}</UniqueIdentifier>
    </Filter>
    <Filter Include="リソース ファイル\Trans">
      <UniqueIdentifier>{8a1b3f97-f9a3-4d4a-99e3-1d0d97cdbadf}</UniqueIdentifier>
    </Filter>
    <Filter Include="リソース ファイル\Bump">
      <UniqueIdentifier>{0185520d-a261-4547-9fb3-7e0059400c6e}</UniqueIdentifier>
    </Filter>
    <Filter Include="リソース ファイル\Light">
      <UniqueIdentifier>{37912831-1e2f-44ec-9911-b811bfd4b778}</UniqueIdentifier>
    </Filter>
    <Filter Include="リソース ファイル\Depth">
      <UniqueIdentifier>{de657f4b-f710-4749-ab5f-78d53122ddd6}</UniqueIdentifier>
    </Filter>
    <Filter Include="リソース ファイル\Mask">
      <UniqueIdentifier>{1014c0ea-7a4b-4407-9f87-07918a833565}</UniqueIdentifier>
    </Filter>
    <Filter Include="リソース ファイル\Deferred">
      <UniqueIdentifier>{cb80beff-19ea-4571-9d22-4ebd260ab44f}</UniqueIdentifier>
    </Filter>
    <Filter Include="リソース ファイル\Particle">
      <UniqueIdentifier>{f120b3dd-de0c-41ef-a452-58238bd5a257}</UniqueIdentifier>
    </Filter>
    <Filter Include="リソース ファイル\Texture">
      <UniqueIdentifier>{e07f9110-6ffd-400d-a803-e40832fa1393}</UniqueIdentifier>
    </Filter>
    <Filter Include="リソース ファイル\Shadow">
      <UniqueIdentifier>{1aadaf36-6cf8-40f3-9748-08a34966e914}</UniqueIdentifier>
    </Filter>
    <Filter Include="リソース ファイル\Multi">
      <UniqueIdentifier>{cc4391c3-00f9-4001-a6db-b3c9c8b5094f}</UniqueIdentifier>
    </Filter>
    <Filter Include="RayTrace">
      <UniqueIdentifier>{5263637d-7801-453e-a200-c6c68ac4665b}</UniqueIdentifier>
    </Filter>
    <Filter Include="RayTrace\Software">
      <UniqueIdentifier>{110543bd-1738-46ea-bff0-2508e5c4a2e2}</UniqueIdentifier>
    </Filter>
  </ItemGroup>
  <ItemGroup>
    <ClCompile Include="stdafx.cpp">
      <Filter>ソース ファイル</Filter>
    </ClCompile>
    <ClCompile Include="System.cpp">
      <Filter>MainSystem</Filter>
    </ClCompile>
    <ClCompile Include="main.cpp">
      <Filter>MainSystem</Filter>
    </ClCompile>
    <ClCompile Include="Light.cpp">
      <Filter>Light</Filter>
    </ClCompile>
    <ClCompile Include="Texture.cpp">
      <Filter>Texture</Filter>
    </ClCompile>
    <ClCompile Include="Input.cpp">
      <Filter>control</Filter>
    </ClCompile>
    <ClCompile Include="Direct3D.cpp">
      <Filter>MainSystem\Direct3D</Filter>
    </ClCompile>
    <ClCompile Include="Camera.cpp">
      <Filter>ソース ファイル</Filter>
    </ClCompile>
    <ClCompile Include="TextureFactory.cpp">
      <Filter>Texture</Filter>
    </ClCompile>
    <ClCompile Include="OrthoWindow.cpp">
      <Filter>MainSystem\2D</Filter>
    </ClCompile>
    <ClCompile Include="Support.cpp">
      <Filter>support</Filter>
    </ClCompile>
    <ClCompile Include="Bumpmap.cpp">
      <Filter>ShaderManager\Shader\bumpmap</Filter>
    </ClCompile>
    <ClCompile Include="Deferredbuffers.cpp">
      <Filter>ShaderManager\Shader\deferred</Filter>
    </ClCompile>
    <ClCompile Include="Deferredshader.cpp">
      <Filter>ShaderManager\Shader\deferred</Filter>
    </ClCompile>
    <ClCompile Include="Depthshader.cpp">
      <Filter>ShaderManager\Shader\depth</Filter>
    </ClCompile>
    <ClCompile Include="LightShader.cpp">
      <Filter>ShaderManager\Shader\light</Filter>
    </ClCompile>
    <ClCompile Include="Shadowshader.cpp">
      <Filter>ShaderManager\Shader\shadow</Filter>
    </ClCompile>
    <ClCompile Include="TextureShader.cpp">
      <Filter>ShaderManager\Shader\texture</Filter>
    </ClCompile>
    <ClCompile Include="Maskshader.cpp">
      <Filter>ShaderManager\Shader\Mask</Filter>
    </ClCompile>
    <ClCompile Include="Game.cpp">
      <Filter>Scene\Game</Filter>
    </ClCompile>
    <ClCompile Include="Multitexture.cpp">
      <Filter>ShaderManager\Shader\Multi</Filter>
    </ClCompile>
    <ClCompile Include="ShaderManager.cpp">
      <Filter>ShaderManager</Filter>
    </ClCompile>
    <ClCompile Include="ParticleShader.cpp">
      <Filter>ShaderManager\Shader\Particle</Filter>
    </ClCompile>
    <ClCompile Include="ParticleSystem.cpp">
      <Filter>ParticleSystem</Filter>
    </ClCompile>
    <ClCompile Include="Timer.cpp">
      <Filter>UI\Timer</Filter>
    </ClCompile>
    <ClCompile Include="Position.cpp">
      <Filter>ソース ファイル</Filter>
    </ClCompile>
    <ClCompile Include="Terrain.cpp">
      <Filter>ソース ファイル</Filter>
    </ClCompile>
    <ClCompile Include="Text.cpp">
      <Filter>ソース ファイル</Filter>
    </ClCompile>
    <ClCompile Include="TransParentDepth.cpp">
      <Filter>ShaderManager\Shader\Trans</Filter>
    </ClCompile>
    <ClCompile Include="Rendertexture.cpp">
      <Filter>ソース ファイル</Filter>
    </ClCompile>
    <ClCompile Include="Model.cpp">
      <Filter>3DModel\Model</Filter>
    </ClCompile>
    <ClCompile Include="Tree.cpp">
      <Filter>3DModel\Tree</Filter>
    </ClCompile>
    <ClCompile Include="RayTrace.cpp">
      <Filter>RayTrace</Filter>
    </ClCompile>
  </ItemGroup>
  <ItemGroup>
    <None Include="packages.config" />
  </ItemGroup>
  <ItemGroup>
    <ClInclude Include="stdafx.h">
      <Filter>ヘッダー ファイル</Filter>
    </ClInclude>
    <ClInclude Include="System.h">
      <Filter>MainSystem</Filter>
    </ClInclude>
    <ClInclude Include="Light.h">
      <Filter>Light</Filter>
    </ClInclude>
    <ClInclude Include="Texture.h">
      <Filter>Texture</Filter>
    </ClInclude>
    <ClInclude Include="Input.h">
      <Filter>control</Filter>
    </ClInclude>
    <ClInclude Include="error.h">
      <Filter>support</Filter>
    </ClInclude>
    <ClInclude Include="release.h">
      <Filter>support</Filter>
    </ClInclude>
    <ClInclude Include="Direct3D.h">
      <Filter>MainSystem\Direct3D</Filter>
    </ClInclude>
    <ClInclude Include="Camera.h">
      <Filter>ヘッダー ファイル</Filter>
    </ClInclude>
    <ClInclude Include="TextureFactory.h">
      <Filter>Texture</Filter>
    </ClInclude>
    <ClInclude Include="OrthoWindow.h">
      <Filter>MainSystem\2D</Filter>
    </ClInclude>
    <ClInclude Include="Support.h">
      <Filter>support</Filter>
    </ClInclude>
    <ClInclude Include="Bumpmap.h">
      <Filter>ShaderManager\Shader\bumpmap</Filter>
    </ClInclude>
    <ClInclude Include="Deferredbuffers.h">
      <Filter>ShaderManager\Shader\deferred</Filter>
    </ClInclude>
    <ClInclude Include="Deferredshader.h">
      <Filter>ShaderManager\Shader\deferred</Filter>
    </ClInclude>
    <ClInclude Include="Depthshader.h">
      <Filter>ShaderManager\Shader\depth</Filter>
    </ClInclude>
    <ClInclude Include="Lightshader.h">
      <Filter>ShaderManager\Shader\light</Filter>
    </ClInclude>
    <ClInclude Include="Shadowshader.h">
      <Filter>ShaderManager\Shader\shadow</Filter>
    </ClInclude>
    <ClInclude Include="TextureShader.h">
      <Filter>ShaderManager\Shader\texture</Filter>
    </ClInclude>
    <ClInclude Include="Maskshader.h">
      <Filter>ShaderManager\Shader\Mask</Filter>
    </ClInclude>
    <ClInclude Include="Game.h">
      <Filter>Scene\Game</Filter>
    </ClInclude>
    <ClInclude Include="Multitexture.h">
      <Filter>ShaderManager\Shader\Multi</Filter>
    </ClInclude>
    <ClInclude Include="namespace.h">
      <Filter>Namespace</Filter>
    </ClInclude>
    <ClInclude Include="ShaderManager.h">
      <Filter>ShaderManager</Filter>
    </ClInclude>
    <ClInclude Include="ParticleShader.h">
      <Filter>ShaderManager\Shader\Particle</Filter>
    </ClInclude>
    <ClInclude Include="ParticleSystem.h">
      <Filter>ParticleSystem</Filter>
    </ClInclude>
    <ClInclude Include="Timer.h">
      <Filter>UI\Timer</Filter>
    </ClInclude>
    <ClInclude Include="Position.h">
      <Filter>ヘッダー ファイル</Filter>
    </ClInclude>
    <ClInclude Include="Terrain.h">
      <Filter>ヘッダー ファイル</Filter>
    </ClInclude>
    <ClInclude Include="Text.h">
      <Filter>ヘッダー ファイル</Filter>
    </ClInclude>
    <ClInclude Include="TransParentDepth.h">
      <Filter>ShaderManager\Shader\Trans</Filter>
    </ClInclude>
    <ClInclude Include="Rendertexture.h">
      <Filter>ヘッダー ファイル</Filter>
    </ClInclude>
    <ClInclude Include="Model.h">
      <Filter>3DModel\Model</Filter>
    </ClInclude>
    <ClInclude Include="Tree.h">
      <Filter>3DModel\Tree</Filter>
    </ClInclude>
    <ClInclude Include="RayTrace.h">
      <Filter>RayTrace</Filter>
    </ClInclude>
  </ItemGroup>
  <ItemGroup>
    <FxCompile Include="transparentdepthps.hlsl">
      <Filter>リソース ファイル\Trans</Filter>
    </FxCompile>
    <FxCompile Include="transparentdepthvs.hlsl">
      <Filter>リソース ファイル\Trans</Filter>
    </FxCompile>
    <FxCompile Include="bumpmapps.hlsl">
      <Filter>リソース ファイル\Bump</Filter>
    </FxCompile>
    <FxCompile Include="bumpmapvs.hlsl">
      <Filter>リソース ファイル\Bump</Filter>
    </FxCompile>
    <FxCompile Include="lightps.hlsl">
      <Filter>リソース ファイル\Light</Filter>
    </FxCompile>
    <FxCompile Include="lightvs.hlsl">
      <Filter>リソース ファイル\Light</Filter>
    </FxCompile>
    <FxCompile Include="depthps.hlsl">
      <Filter>リソース ファイル\Depth</Filter>
    </FxCompile>
    <FxCompile Include="depthvs.hlsl">
      <Filter>リソース ファイル\Depth</Filter>
    </FxCompile>
    <FxCompile Include="maskps.hlsl">
      <Filter>リソース ファイル\Mask</Filter>
    </FxCompile>
    <FxCompile Include="maskvs.hlsl">
      <Filter>リソース ファイル\Mask</Filter>
    </FxCompile>
    <FxCompile Include="deferredbuffvs.hlsl">
      <Filter>リソース ファイル\Deferred</Filter>
    </FxCompile>
    <FxCompile Include="deferredbuffps.hlsl">
      <Filter>リソース ファイル\Deferred</Filter>
    </FxCompile>
    <FxCompile Include="particleps.hlsl">
      <Filter>リソース ファイル\Particle</Filter>
    </FxCompile>
    <FxCompile Include="particlevs.hlsl">
      <Filter>リソース ファイル\Particle</Filter>
    </FxCompile>
    <FxCompile Include="texturevs.hlsl">
      <Filter>リソース ファイル\Texture</Filter>
    </FxCompile>
    <FxCompile Include="textureps.hlsl">
      <Filter>リソース ファイル\Texture</Filter>
    </FxCompile>
    <FxCompile Include="shadowps.hlsl">
      <Filter>リソース ファイル\Shadow</Filter>
    </FxCompile>
    <FxCompile Include="shadowvs.hlsl">
      <Filter>リソース ファイル\Shadow</Filter>
    </FxCompile>
    <FxCompile Include="deferredps.hlsl">
      <Filter>リソース ファイル\Deferred</Filter>
    </FxCompile>
    <FxCompile Include="deferredvs.hlsl">
      <Filter>リソース ファイル\Deferred</Filter>
    </FxCompile>
    <FxCompile Include="multitexturevs.hlsl">
      <Filter>リソース ファイル\Multi</Filter>
    </FxCompile>
    <FxCompile Include="multitextureps.hlsl">
      <Filter>リソース ファイル\Multi</Filter>
    </FxCompile>
  </ItemGroup>
</Project>