
Microsoft Visual Studio Solution File, Format Version 12.00
# Visual Studio Version 16
VisualStudioVersion = 16.0.29509.3
MinimumVisualStudioVersion = 10.0.40219.1
Project("{8BC9CEB8-8B4A-11D0-8D11-00A0C91BC942}") = "Shader", "Shader\Shader.vcxproj", "{F6289689-583A-467B-BB6A-9880E05E8FD5}"
EndProject
Global
	GlobalSection(SolutionConfigurationPlatforms) = preSolution
		Debug|x64 = Debug|x64
		Debug|x86 = Debug|x86
		Release|x64 = Release|x64
		Release|x86 = Release|x86
	EndGlobalSection
	GlobalSection(ProjectConfigurationPlatforms) = postSolution
		{F6289689-583A-467B-BB6A-9880E05E8FD5}.Debug|x64.ActiveCfg = Debug|x64
		{F6289689-583A-467B-BB6A-9880E05E8FD5}.Debug|x64.Build.0 = Debug|x64
		{F6289689-583A-467B-BB6A-9880E05E8FD5}.Debug|x86.ActiveCfg = Debug|Win32
		{F6289689-583A-467B-BB6A-9880E05E8FD5}.Debug|x86.Build.0 = Debug|Win32
		{F6289689-583A-467B-BB6A-9880E05E8FD5}.Release|x64.ActiveCfg = Release|x64
		{F6289689-583A-467B-BB6A-9880E05E8FD5}.Release|x64.Build.0 = Release|x64
		{F6289689-583A-467B-BB6A-9880E05E8FD5}.Release|x86.ActiveCfg = Release|Win32
		{F6289689-583A-467B-BB6A-9880E05E8FD5}.Release|x86.Build.0 = Release|Win32
	EndGlobalSection
	GlobalSection(SolutionProperties) = preSolution
		HideSolutionNode = FALSE
	EndGlobalSection
	GlobalSection(ExtensibilityGlobals) = postSolution
		SolutionGuid = {D790557D-1778-4593-941C-A83EED90668A}
	EndGlobalSection
EndGlobal
